%{
  "blankable": {:hex, :blankable, "1.0.0", "89ab564a63c55af117e115144e3b3b57eb53ad43ba0f15553357eb283e0ed425", [:mix], [], "hexpm", "7cf11aac0e44f4eedbee0c15c1d37d94c090cb72a8d9fddf9f7aec30f9278899"},
  "bunt": {:hex, :bunt, "0.2.1", "e2d4792f7bc0ced7583ab54922808919518d0e57ee162901a16a1b6664ef3b14", [:mix], [], "hexpm", "a330bfb4245239787b15005e66ae6845c9cd524a288f0d141c148b02603777a5"},
  "credo": {:hex, :credo, "1.7.1", "6e26bbcc9e22eefbff7e43188e69924e78818e2fe6282487d0703652bc20fd62", [:mix], [{:bunt, "~> 0.2.1", [hex: :bunt, repo: "hexpm", optional: false]}, {:file_system, "~> 0.2.8", [hex: :file_system, repo: "hexpm", optional: false]}, {:jason, "~> 1.0", [hex: :jason, repo: "hexpm", optional: false]}], "hexpm", "e9871c6095a4c0381c89b6aa98bc6260a8ba6addccf7f6a53da8849c748a58a2"},
  "dialyxir": {:hex, :dialyxir, "1.4.2", "764a6e8e7a354f0ba95d58418178d486065ead1f69ad89782817c296d0d746a5", [:mix], [{:erlex, ">= 0.2.6", [hex: :erlex, repo: "hexpm", optional: false]}], "hexpm", "516603d8067b2fd585319e4b13d3674ad4f314a5902ba8130cd97dc902ce6bbd"},
  "earmark": {:hex, :earmark, "1.4.46", "8c7287bd3137e99d26ae4643e5b7ef2129a260e3dcf41f251750cb4563c8fb81", [:mix], [], "hexpm", "798d86db3d79964e759ddc0c077d5eb254968ed426399fbf5a62de2b5ff8910a"},
  "earmark_reversal": {:hex, :earmark_reversal, "0.1.0", "d93ae69b6d419841c5718740a222de3cec58ae70d60aac7aec99a5313405555a", [:mix], [], "hexpm", "4a077a6369508334bdc6973e41c4dbe14d968f8d815b1c600774e1bd4d759ba6"},
  "erlex": {:hex, :erlex, "0.2.6", "c7987d15e899c7a2f34f5420d2a2ea0d659682c06ac607572df55a43753aa12e", [:mix], [], "hexpm", "2ed2e25711feb44d52b17d2780eabf998452f6efda104877a3881c2f8c0c0c75"},
  "file_system": {:hex, :file_system, "0.2.10", "fb082005a9cd1711c05b5248710f8826b02d7d1784e7c3451f9c1231d4fc162d", [:mix], [], "hexpm", "41195edbfb562a593726eda3b3e8b103a309b733ad25f3d642ba49696bf715dc"},
  "git_hooks": {:hex, :git_hooks, "0.7.3", "09489e94d88dfc767662e22aff2b6208bd7cf555a19dd0e1477cca4683ce0701", [:mix], [{:blankable, "~> 1.0.0", [hex: :blankable, repo: "hexpm", optional: false]}, {:recase, "~> 0.7.0", [hex: :recase, repo: "hexpm", optional: false]}], "hexpm", "d6ddedeb4d3a8602bc3f84e087a38f6150a86d9e790628ed8bc70e6d90681659"},
  "jason": {:hex, :jason, "1.4.1", "af1504e35f629ddcdd6addb3513c3853991f694921b1b9368b0bd32beb9f1b63", [:mix], [{:decimal, "~> 1.0 or ~> 2.0", [hex: :decimal, repo: "hexpm", optional: true]}], "hexpm", "fbb01ecdfd565b56261302f7e1fcc27c4fb8f32d56eab74db621fc154604a7a1"},
  "mix_test_watch": {:hex, :mix_test_watch, "1.1.1", "eee6fc570d77ad6851c7bc08de420a47fd1e449ef5ccfa6a77ef68b72e7e51ad", [:mix], [{:file_system, "~> 0.2.1 or ~> 0.3", [hex: :file_system, repo: "hexpm", optional: false]}], "hexpm", "f82262b54dee533467021723892e15c3267349849f1f737526523ecba4e6baae"},
  "recase": {:hex, :recase, "0.7.0", "3f2f719f0886c7a3b7fe469058ec539cb7bbe0023604ae3bce920e186305e5ae", [:mix], [], "hexpm", "36f5756a9f552f4a94b54a695870e32f4e72d5fad9c25e61bc4a3151c08a4e0c"},
}
